schema: '2.0'
stages:
  split:
    cmd: python src/data/1-train_test_split.py
    deps:
    - path: data/raw_data/raw.csv
      hash: md5
      md5: 617b56af2992376d5c3e91ad80823898
      size: 333757
    - path: src/data/1-train_test_split.py
      hash: md5
      md5: dcdac88b034fb6dd7222080debf7d329
      size: 574
    outs:
    - path: data/processed_data/X_test.csv
      hash: md5
      md5: 77a7e76673ec912ab21b96af9df3a4de
      size: 54474
    - path: data/processed_data/X_train.csv
      hash: md5
      md5: baab5deef07bc713d7933272d0d899b9
      size: 216708
    - path: data/processed_data/y_test.csv
      hash: md5
      md5: c0402151c1ca5ae0f11eb3ad56a8cc81
      size: 8081
    - path: data/processed_data/y_train.csv
      hash: md5
      md5: 1974681553419ce90d48838d616935b0
      size: 32378
  normalize:
    cmd: python src/data/2-normalisation.py
    deps:
    - path: data/processed_data/X_test.csv
      hash: md5
      md5: 77a7e76673ec912ab21b96af9df3a4de
      size: 54474
    - path: data/processed_data/X_train.csv
      hash: md5
      md5: baab5deef07bc713d7933272d0d899b9
      size: 216708
    - path: src/data/2-normalisation.py
      hash: md5
      md5: 9930fc3934a23dcfa65a9e8d1297416e
      size: 517
    outs:
    - path: data/processed_data/X_test_scaled.csv
      hash: md5
      md5: 0b82866463328bb2797c3d2a0d825fed
      size: 65417
    - path: data/processed_data/X_train_scaled.csv
      hash: md5
      md5: 740805c7abfa3d999feb74df08c4f79d
      size: 261908
  gridsearch:
    cmd: python src/models/3-gridsearch.py
    deps:
    - path: data/processed_data/X_test_scaled.csv
      hash: md5
      md5: 0b82866463328bb2797c3d2a0d825fed
      size: 65417
    - path: data/processed_data/X_train_scaled.csv
      hash: md5
      md5: 740805c7abfa3d999feb74df08c4f79d
      size: 261908
    - path: data/processed_data/y_test.csv
      hash: md5
      md5: c0402151c1ca5ae0f11eb3ad56a8cc81
      size: 8081
    - path: data/processed_data/y_train.csv
      hash: md5
      md5: 1974681553419ce90d48838d616935b0
      size: 32378
    - path: src/models/3-gridsearch.py
      hash: md5
      md5: de4eabe1069c294aa5d33dc16b79f3d5
      size: 932
    outs:
    - path: models/best_params.pkl
      hash: md5
      md5: 6bf13c534462e257380ac86ca91dceb1
      size: 83
  training:
    cmd: python src/models/4-train_model.py
    deps:
    - path: data/processed_data/X_train_scaled.csv
      hash: md5
      md5: 740805c7abfa3d999feb74df08c4f79d
      size: 261908
    - path: data/processed_data/y_train.csv
      hash: md5
      md5: 1974681553419ce90d48838d616935b0
      size: 32378
    - path: models/best_params.pkl
      hash: md5
      md5: 6bf13c534462e257380ac86ca91dceb1
      size: 83
    - path: src/models/4-train_model.py
      hash: md5
      md5: 3e50258da1adbe36d880f0885afdda8f
      size: 447
    outs:
    - path: models/trained_model.pkl
      hash: md5
      md5: fb1e621703dcdc5373f6d156f35d4436
      size: 29434181
